
Microsoft Visual Studio Solution File, Format Version 12.00
# Visual Studio Version 17
VisualStudioVersion = 17.4.33122.133
MinimumVisualStudioVersion = 10.0.40219.1
Project("{FAE04EC0-301F-11D3-BF4B-00C04F79EFBC}") = "FinancialTracker_AqimZainal", "FinancialTracker_AqimZainal\FinancialTracker_AqimZainal.csproj", "{FAA33CC0-2BFA-4489-8E13-2BD874B32A87}"
EndProject
Global
	GlobalSection(SolutionConfigurationPlatforms) = preSolution
		Debug|Any CPU = Debug|Any CPU
		Release|Any CPU = Release|Any CPU
	EndGlobalSection
	GlobalSection(ProjectConfigurationPlatforms) = postSolution
		{FAA33CC0-2BFA-4489-8E13-2BD874B32A87}.Debug|Any CPU.ActiveCfg = Debug|Any CPU
		{FAA33CC0-2BFA-4489-8E13-2BD874B32A87}.Debug|Any CPU.Build.0 = Debug|Any CPU
		{FAA33CC0-2BFA-4489-8E13-2BD874B32A87}.Release|Any CPU.ActiveCfg = Release|Any CPU
		{FAA33CC0-2BFA-4489-8E13-2BD874B32A87}.Release|Any CPU.Build.0 = Release|Any CPU
	EndGlobalSection
	GlobalSection(SolutionProperties) = preSolution
		HideSolutionNode = FALSE
	EndGlobalSection
	GlobalSection(ExtensibilityGlobals) = postSolution
		SolutionGuid = {A09C7CCE-1317-429B-A8F4-C2D90A6E784E}
	EndGlobalSection
EndGlobal
